// !$*UTF8*$!
{
	archiveVersion = 1;
	classes = {
	};
	objectVersion = 55;
	objects = {

/* Begin PBXBuildFile section */
		0DA458955559CC26D53A4ADA /* Pods_AGC_AppLinking_2.framework in Frameworks */ = {isa = PBXBuildFile; fileRef = 9311A15FAE62BCFA0937619F /* Pods_AGC_AppLinking_2.framework */; };
		FF077C5328337445002DF51F /* agconnect-services.plist in Resources */ = {isa = PBXBuildFile; fileRef = FF077C5228337445002DF51F /* agconnect-services.plist */; };
		FFD1C46E28323C4F0075ECBE /* AppDelegate.swift in Sources */ = {isa = PBXBuildFile; fileRef = FFD1C46D28323C4F0075ECBE /* AppDelegate.swift */; };
		FFD1C47228323C4F0075ECBE /* ViewController.swift in Sources */ = {isa = PBXBuildFile; fileRef = FFD1C47128323C4F0075ECBE /* ViewController.swift */; };
		FFD1C47528323C4F0075ECBE /* Main.storyboard in Resources */ = {isa = PBXBuildFile; fileRef = FFD1C47328323C4F0075ECBE /* Main.storyboard */; };
		FFD1C47728323C500075ECBE /* Assets.xcassets in Resources */ = {isa = PBXBuildFile; fileRef = FFD1C47628323C500075ECBE /* Assets.xcassets */; };
		FFD1C47A28323C500075ECBE /* LaunchScreen.storyboard in Resources */ = {isa = PBXBuildFile; fileRef = FFD1C47828323C500075ECBE /* LaunchScreen.storyboard */; };
/* End PBXBuildFile section */

/* Begin PBXFileReference section */
		2576560D72E8705A51812FEB /* Pods-AGC-AppLinking-2.release.xcconfig */ = {isa = PBXFileReference; includeInIndex = 1; lastKnownFileType = text.xcconfig; name = "Pods-AGC-AppLinking-2.release.xcconfig"; path = "Target Support Files/Pods-AGC-AppLinking-2/Pods-AGC-AppLinking-2.release.xcconfig"; sourceTree = "<group>"; };
		9131D0C3B6368993E5B99AF7 /* Pods-AGC-AppLinking-2.debug.xcconfig */ = {isa = PBXFileReference; includeInIndex = 1; lastKnownFileType = text.xcconfig; name = "Pods-AGC-AppLinking-2.debug.xcconfig"; path = "Target Support Files/Pods-AGC-AppLinking-2/Pods-AGC-AppLinking-2.debug.xcconfig"; sourceTree = "<group>"; };
		9311A15FAE62BCFA0937619F /* Pods_AGC_AppLinking_2.framework */ = {isa = PBXFileReference; explicitFileType = wrapper.framework; includeInIndex = 0; path = Pods_AGC_AppLinking_2.framework; sourceTree = BUILT_PRODUCTS_DIR; };
		FF077C5228337445002DF51F /* agconnect-services.plist */ = {isa = PBXFileReference; fileEncoding = 4; lastKnownFileType = text.plist.xml; path = "agconnect-services.plist"; sourceTree = "<group>"; };
		FFD1C46A28323C4F0075ECBE /* AGC-AppLinking-2.app */ = {isa = PBXFileReference; explicitFileType = wrapper.application; includeInIndex = 0; path = "AGC-AppLinking-2.app"; sourceTree = BUILT_PRODUCTS_DIR; };
		FFD1C46D28323C4F0075ECBE /* AppDelegate.swift */ = {isa = PBXFileReference; lastKnownFileType = sourcecode.swift; path = AppDelegate.swift; sourceTree = "<group>"; };
		FFD1C47128323C4F0075ECBE /* ViewController.swift */ = {isa = PBXFileReference; lastKnownFileType = sourcecode.swift; path = ViewController.swift; sourceTree = "<group>"; };
		FFD1C47428323C4F0075ECBE /* Base */ = {isa = PBXFileReference; lastKnownFileType = file.storyboard; name = Base; path = Base.lproj/Main.storyboard; sourceTree = "<group>"; };
		FFD1C47628323C500075ECBE /* Assets.xcassets */ = {isa = PBXFileReference; lastKnownFileType = folder.assetcatalog; path = Assets.xcassets; sourceTree = "<group>"; };
		FFD1C47928323C500075ECBE /* Base */ = {isa = PBXFileReference; lastKnownFileType = file.storyboard; name = Base; path = Base.lproj/LaunchScreen.storyboard; sourceTree = "<group>"; };
		FFD1C47B28323C500075ECBE /* Info.plist */ = {isa = PBXFileReference; lastKnownFileType = text.plist.xml; path = Info.plist; sourceTree = "<group>"; };
/* End PBXFileReference section */

/* Begin PBXFrameworksBuildPhase section */
		FFD1C46728323C4F0075ECBE /* Frameworks */ = {
			isa = PBXFrameworksBuildPhase;
			buildActionMask = 2147483647;
			files = (
				0DA458955559CC26D53A4ADA /* Pods_AGC_AppLinking_2.framework in Frameworks */,
			);
			runOnlyForDeploymentPostprocessing = 0;
		};
/* End PBXFrameworksBuildPhase section */

/* Begin PBXGroup section */
		674BF24BD0BAB28D325521EC /* Pods */ = {
			isa = PBXGroup;
			children = (
				9131D0C3B6368993E5B99AF7 /* Pods-AGC-AppLinking-2.debug.xcconfig */,
				2576560D72E8705A51812FEB /* Pods-AGC-AppLinking-2.release.xcconfig */,
			);
			path = Pods;
			sourceTree = "<group>";
		};
		C2988BAD1A733CCE45AE6047 /* Frameworks */ = {
			isa = PBXGroup;
			children = (
				9311A15FAE62BCFA0937619F /* Pods_AGC_AppLinking_2.framework */,
			);
			name = Frameworks;
			sourceTree = "<group>";
		};
		FFD1C46128323C4F0075ECBE = {
			isa = PBXGroup;
			children = (
				FFD1C46C28323C4F0075ECBE /* AGC-AppLinking-2 */,
				FFD1C46B28323C4F0075ECBE /* Products */,
				674BF24BD0BAB28D325521EC /* Pods */,
				C2988BAD1A733CCE45AE6047 /* Frameworks */,
			);
			sourceTree = "<group>";
		};
		FFD1C46B28323C4F0075ECBE /* Products */ = {
			isa = PBXGroup;
			children = (
				FFD1C46A28323C4F0075ECBE /* AGC-AppLinking-2.app */,
			);
			name = Products;
			sourceTree = "<group>";
		};
		FFD1C46C28323C4F0075ECBE /* AGC-AppLinking-2 */ = {
			isa = PBXGroup;
			children = (
				FF077C5228337445002DF51F /* agconnect-services.plist */,
				FFD1C46D28323C4F0075ECBE /* AppDelegate.swift */,
				FFD1C47128323C4F0075ECBE /* ViewController.swift */,
				FFD1C47328323C4F0075ECBE /* Main.storyboard */,
				FFD1C47628323C500075ECBE /* Assets.xcassets */,
				FFD1C47828323C500075ECBE /* LaunchScreen.storyboard */,
				FFD1C47B28323C500075ECBE /* Info.plist */,
			);
			path = "AGC-AppLinking-2";
			sourceTree = "<group>";
		};
/* End PBXGroup section */

/* Begin PBXNativeTarget section */
		FFD1C46928323C4F0075ECBE /* AGC-AppLinking-2 */ = {
			isa = PBXNativeTarget;
			buildConfigurationList = FFD1C47E28323C500075ECBE /* Build configuration list for PBXNativeTarget "AGC-AppLinking-2" */;
			buildPhases = (
				1D2919817E1150939CCA600E /* [CP] Check Pods Manifest.lock */,
				FFD1C46628323C4F0075ECBE /* Sources */,
				FFD1C46728323C4F0075ECBE /* Frameworks */,
				FFD1C46828323C4F0075ECBE /* Resources */,
				CC0039ABE4F8794848F7BC5A /* [CP] Copy Pods Resources */,
			);
			buildRules = (
			);
			dependencies = (
			);
			name = "AGC-AppLinking-2";
			productName = "AGC-AppLinking-2";
			productReference = FFD1C46A28323C4F0075ECBE /* AGC-AppLinking-2.app */;
			productType = "com.apple.product-type.application";
		};
/* End PBXNativeTarget section */

/* Begin PBXProject section */
		FFD1C46228323C4F0075ECBE /* Project object */ = {
			isa = PBXProject;
			attributes = {
				BuildIndependentTargetsInParallel = 1;
				LastSwiftUpdateCheck = 1330;
				LastUpgradeCheck = 1330;
				TargetAttributes = {
					FFD1C46928323C4F0075ECBE = {
						CreatedOnToolsVersion = 13.3;
					};
				};
			};
			buildConfigurationList = FFD1C46528323C4F0075ECBE /* Build configuration list for PBXProject "AGC-AppLinking-2" */;
			compatibilityVersion = "Xcode 13.0";
			developmentRegion = en;
			hasScannedForEncodings = 0;
			knownRegions = (
				en,
				Base,
			);
			mainGroup = FFD1C46128323C4F0075ECBE;
			productRefGroup = FFD1C46B28323C4F0075ECBE /* Products */;
			projectDirPath = "";
			projectRoot = "";
			targets = (
				FFD1C46928323C4F0075ECBE /* AGC-AppLinking-2 */,
			);
		};
/* End PBXProject section */

/* Begin PBXResourcesBuildPhase section */
		FFD1C46828323C4F0075ECBE /* Resources */ = {
			isa = PBXResourcesBuildPhase;
			buildActionMask = 2147483647;
			files = (
				FFD1C47A28323C500075ECBE /* LaunchScreen.storyboard in Resources */,
				FFD1C47728323C500075ECBE /* Assets.xcassets in Resources */,
				FFD1C47528323C4F0075ECBE /* Main.storyboard in Resources */,
				FF077C5328337445002DF51F /* agconnect-services.plist in Resources */,
			);
			runOnlyForDeploymentPostprocessing = 0;
		};
/* End PBXResourcesBuildPhase section */

/* Begin PBXShellScriptBuildPhase section */
		1D2919817E1150939CCA600E /* [CP] Check Pods Manifest.lock */ = {
			isa = PBXShellScriptBuildPhase;
			buildActionMask = 2147483647;
			files = (
			);
			inputFileListPaths = (
			);
			inputPaths = (
				"${PODS_PODFILE_DIR_PATH}/Podfile.lock",
				"${PODS_ROOT}/Manifest.lock",
			);
			name = "[CP] Check Pods Manifest.lock";
			outputFileListPaths = (
			);
			outputPaths = (
				"$(DERIVED_FILE_DIR)/Pods-AGC-AppLinking-2-checkManifestLockResult.txt",
			);
			runOnlyForDeploymentPostprocessing = 0;
			shellPath = /bin/sh;
			shellScript = "diff \"${PODS_PODFILE_DIR_PATH}/Podfile.lock\" \"${PODS_ROOT}/Manifest.lock\" > /dev/null\nif [ $? != 0 ] ; then\n    # print error to STDERR\n    echo \"error: The sandbox is not in sync with the Podfile.lock. Run 'pod install' or update your CocoaPods installation.\" >&2\n    exit 1\nfi\n# This output is used by Xcode 'outputs' to avoid re-running this script phase.\necho \"SUCCESS\" > \"${SCRIPT_OUTPUT_FILE_0}\"\n";
			showEnvVarsInLog = 0;
		};
		CC0039ABE4F8794848F7BC5A /* [CP] Copy Pods Resources */ = {
			isa = PBXShellScriptBuildPhase;
			buildActionMask = 2147483647;
			files = (
			);
			inputFileListPaths = (
				"${PODS_ROOT}/Target Support Files/Pods-AGC-AppLinking-2/Pods-AGC-AppLinking-2-resources-${CONFIGURATION}-input-files.xcfilelist",
			);
			name = "[CP] Copy Pods Resources";
			outputFileListPaths = (
				"${PODS_ROOT}/Target Support Files/Pods-AGC-AppLinking-2/Pods-AGC-AppLinking-2-resources-${CONFIGURATION}-output-files.xcfilelist",
			);
			runOnlyForDeploymentPostprocessing = 0;
			shellPath = /bin/sh;
			shellScript = "\"${PODS_ROOT}/Target Support Files/Pods-AGC-AppLinking-2/Pods-AGC-AppLinking-2-resources.sh\"\n";
			showEnvVarsInLog = 0;
		};
/* End PBXShellScriptBuildPhase section */

/* Begin PBXSourcesBuildPhase section */
		FFD1C46628323C4F0075ECBE /* Sources */ = {
			isa = PBXSourcesBuildPhase;
			buildActionMask = 2147483647;
			files = (
				FFD1C47228323C4F0075ECBE /* ViewController.swift in Sources */,
				FFD1C46E28323C4F0075ECBE /* AppDelegate.swift in Sources */,
			);
			runOnlyForDeploymentPostprocessing = 0;
		};
/* End PBXSourcesBuildPhase section */

/* Begin PBXVariantGroup section */
		FFD1C47328323C4F0075ECBE /* Main.storyboard */ = {
			isa = PBXVariantGroup;
			children = (
				FFD1C47428323C4F0075ECBE /* Base */,
			);
			name = Main.storyboard;
			sourceTree = "<group>";
		};
		FFD1C47828323C500075ECBE /* LaunchScreen.storyboard */ = {
			isa = PBXVariantGroup;
			children = (
				FFD1C47928323C500075ECBE /* Base */,
			);
			name = LaunchScreen.storyboard;
			sourceTree = "<group>";
		};
/* End PBXVariantGroup section */

/* Begin XCBuildConfiguration section */
		FFD1C47C28323C500075ECBE /* Debug */ = {
			isa = XCBuildConfiguration;
			buildSettings = {
				ALWAYS_SEARCH_USER_PATHS = NO;
				CLANG_ANALYZER_NONNULL = YES;
				CLANG_ANALYZER_NUMBER_OBJECT_CONVERSION = YES_AGGRESSIVE;
				CLANG_CXX_LANGUAGE_STANDARD = "gnu++17";
				CLANG_ENABLE_MODULES = YES;
				CLANG_ENABLE_OBJC_ARC = YES;
				CLANG_ENABLE_OBJC_WEAK = YES;
				CLANG_WARN_BLOCK_CAPTURE_AUTORELEASING = YES;
				CLANG_WARN_BOOL_CONVERSION = YES;
				CLANG_WARN_COMMA = YES;
				CLANG_WARN_CONSTANT_CONVERSION = YES;
				CLANG_WARN_DEPRECATED_OBJC_IMPLEMENTATIONS = YES;
				CLANG_WARN_DIRECT_OBJC_ISA_USAGE = YES_ERROR;
				CLANG_WARN_DOCUMENTATION_COMMENTS = YES;
				CLANG_WARN_EMPTY_BODY = YES;
				CLANG_WARN_ENUM_CONVERSION = YES;
				CLANG_WARN_INFINITE_RECURSION = YES;
				CLANG_WARN_INT_CONVERSION = YES;
				CLANG_WARN_NON_LITERAL_NULL_CONVERSION = YES;
				CLANG_WARN_OBJC_IMPLICIT_RETAIN_SELF = YES;
				CLANG_WARN_OBJC_LITERAL_CONVERSION = YES;
				CLANG_WARN_OBJC_ROOT_CLASS = YES_ERROR;
				CLANG_WARN_QUOTED_INCLUDE_IN_FRAMEWORK_HEADER = YES;
				CLANG_WARN_RANGE_LOOP_ANALYSIS = YES;
				CLANG_WARN_STRICT_PROTOTYPES = YES;
				CLANG_WARN_SUSPICIOUS_MOVE = YES;
				CLANG_WARN_UNGUARDED_AVAILABILITY = YES_AGGRESSIVE;
				CLANG_WARN_UNREACHABLE_CODE = YES;
				CLANG_WARN__DUPLICATE_METHOD_MATCH = YES;
				COPY_PHASE_STRIP = NO;
				DEBUG_INFORMATION_FORMAT = dwarf;
				ENABLE_STRICT_OBJC_MSGSEND = YES;
				ENABLE_TESTABILITY = YES;
				GCC_C_LANGUAGE_STANDARD = gnu11;
				GCC_DYNAMIC_NO_PIC = NO;
				GCC_NO_COMMON_BLOCKS = YES;
				GCC_OPTIMIZATION_LEVEL = 0;
				GCC_PREPROCESSOR_DEFINITIONS = (
					"DEBUG=1",
					"$(inherited)",
				);
				GCC_WARN_64_TO_32_BIT_CONVERSION = YES;
				GCC_WARN_ABOUT_RETURN_TYPE = YES_ERROR;
				GCC_WARN_UNDECLARED_SELECTOR = YES;
				GCC_WARN_UNINITIALIZED_AUTOS = YES_AGGRESSIVE;
				GCC_WARN_UNUSED_FUNCTION = YES;
				GCC_WARN_UNUSED_VARIABLE = YES;
				IPHONEOS_DEPLOYMENT_TARGET = 15.4;
				MTL_ENABLE_DEBUG_INFO = INCLUDE_SOURCE;
				MTL_FAST_MATH = YES;
				ONLY_ACTIVE_ARCH = YES;
				SDKROOT = iphoneos;
				SWIFT_ACTIVE_COMPILATION_CONDITIONS = DEBUG;
				SWIFT_OPTIMIZATION_LEVEL = "-Onone";
			};
			name = Debug;
		};
		FFD1C47D28323C500075ECBE /* Release */ = {
			isa = XCBuildConfiguration;
			buildSettings = {
				ALWAYS_SEARCH_USER_PATHS = NO;
				CLANG_ANALYZER_NONNULL = YES;
				CLANG_ANALYZER_NUMBER_OBJECT_CONVERSION = YES_AGGRESSIVE;
				CLANG_CXX_LANGUAGE_STANDARD = "gnu++17";
				CLANG_ENABLE_MODULES = YES;
				CLANG_ENABLE_OBJC_ARC = YES;
				CLANG_ENABLE_OBJC_WEAK = YES;
				CLANG_WARN_BLOCK_CAPTURE_AUTORELEASING = YES;
				CLANG_WARN_BOOL_CONVERSION = YES;
				CLANG_WARN_COMMA = YES;
				CLANG_WARN_CONSTANT_CONVERSION = YES;
				CLANG_WARN_DEPRECATED_OBJC_IMPLEMENTATIONS = YES;
				CLANG_WARN_DIRECT_OBJC_ISA_USAGE = YES_ERROR;
				CLANG_WARN_DOCUMENTATION_COMMENTS = YES;
				CLANG_WARN_EMPTY_BODY = YES;
				CLANG_WARN_ENUM_CONVERSION = YES;
				CLANG_WARN_INFINITE_RECURSION = YES;
				CLANG_WARN_INT_CONVERSION = YES;
				CLANG_WARN_NON_LITERAL_NULL_CONVERSION = YES;
				CLANG_WARN_OBJC_IMPLICIT_RETAIN_SELF = YES;
				CLANG_WARN_OBJC_LITERAL_CONVERSION = YES;
				CLANG_WARN_OBJC_ROOT_CLASS = YES_ERROR;
				CLANG_WARN_QUOTED_INCLUDE_IN_FRAMEWORK_HEADER = YES;
				CLANG_WARN_RANGE_LOOP_ANALYSIS = YES;
				CLANG_WARN_STRICT_PROTOTYPES = YES;
				CLANG_WARN_SUSPICIOUS_MOVE = YES;
				CLANG_WARN_UNGUARDED_AVAILABILITY = YES_AGGRESSIVE;
				CLANG_WARN_UNREACHABLE_CODE = YES;
				CLANG_WARN__DUPLICATE_METHOD_MATCH = YES;
				COPY_PHASE_STRIP = NO;
				DEBUG_INFORMATION_FORMAT = "dwarf-with-dsym";
				ENABLE_NS_ASSERTIONS = NO;
				ENABLE_STRICT_OBJC_MSGSEND = YES;
				GCC_C_LANGUAGE_STANDARD = gnu11;
				GCC_NO_COMMON_BLOCKS = YES;
				GCC_WARN_64_TO_32_BIT_CONVERSION = YES;
				GCC_WARN_ABOUT_RETURN_TYPE = YES_ERROR;
				GCC_WARN_UNDECLARED_SELECTOR = YES;
				GCC_WARN_UNINITIALIZED_AUTOS = YES_AGGRESSIVE;
				GCC_WARN_UNUSED_FUNCTION = YES;
				GCC_WARN_UNUSED_VARIABLE = YES;
				IPHONEOS_DEPLOYMENT_TARGET = 15.4;
				MTL_ENABLE_DEBUG_INFO = NO;
				MTL_FAST_MATH = YES;
				SDKROOT = iphoneos;
				SWIFT_COMPILATION_MODE = wholemodule;
				SWIFT_OPTIMIZATION_LEVEL = "-O";
				VALIDATE_PRODUCT = YES;
			};
			name = Release;
		};
		FFD1C47F28323C500075ECBE /* Debug */ = {
			isa = XCBuildConfiguration;
			baseConfigurationReference = 9131D0C3B6368993E5B99AF7 /* Pods-AGC-AppLinking-2.debug.xcconfig */;
			buildSettings = {
				ASSETCATALOG_COMPILER_APPICON_NAME = AppIcon;
				ASSETCATALOG_COMPILER_GLOBAL_ACCENT_COLOR_NAME = AccentColor;
				CODE_SIGN_STYLE = Automatic;
				CURRENT_PROJECT_VERSION = 1;
				GENERATE_INFOPLIST_FILE = YES;
				INFOPLIST_FILE = "AGC-AppLinking-2/Info.plist";
				INFOPLIST_KEY_UIApplicationSupportsIndirectInputEvents = YES;
				INFOPLIST_KEY_UILaunchStoryboardName = LaunchScreen;
				INFOPLIST_KEY_UIMainStoryboardFile = Main;
				INFOPLIST_KEY_UISupportedInterfaceOrientations_iPad = "UIInterfaceOrientationPortrait UIInterfaceOrientationPortraitUpsideDown UIInterfaceOrientationLandscapeLeft UIInterfaceOrientationLandscapeRight";
				INFOPLIST_KEY_UISupportedInterfaceOrientations_iPhone = "UIInterfaceOrientationPortrait UIInterfaceOrientationLandscapeLeft UIInterfaceOrientationLandscapeRight";
				LD_RUNPATH_SEARCH_PATHS = (
					"$(inherited)",
					"@executable_path/Frameworks",
				);
				MARKETING_VERSION = 1.0;
				PRODUCT_BUNDLE_IDENTIFIER = com.lucky.agc.demo;
				PRODUCT_NAME = "$(TARGET_NAME)";
				SWIFT_EMIT_LOC_STRINGS = YES;
				SWIFT_VERSION = 5.0;
				TARGETED_DEVICE_FAMILY = "1,2";
			};
			name = Debug;
		};
		FFD1C48028323C500075ECBE /* Release */ = {
			isa = XCBuildConfiguration;
			baseConfigurationReference = 2576560D72E8705A51812FEB /* Pods-AGC-AppLinking-2.release.xcconfig */;
			buildSettings = {
				ASSETCATALOG_COMPILER_APPICON_NAME = AppIcon;
				ASSETCATALOG_COMPILER_GLOBAL_ACCENT_COLOR_NAME = AccentColor;
				CODE_SIGN_STYLE = Automatic;
				CURRENT_PROJECT_VERSION = 1;
				GENERATE_INFOPLIST_FILE = YES;
				INFOPLIST_FILE = "AGC-AppLinking-2/Info.plist";
				INFOPLIST_KEY_UIApplicationSupportsIndirectInputEvents = YES;
				INFOPLIST_KEY_UILaunchStoryboardName = LaunchScreen;
				INFOPLIST_KEY_UIMainStoryboardFile = Main;
				INFOPLIST_KEY_UISupportedInterfaceOrientations_iPad = "UIInterfaceOrientationPortrait UIInterfaceOrientationPortraitUpsideDown UIInterfaceOrientationLandscapeLeft UIInterfaceOrientationLandscapeRight";
				INFOPLIST_KEY_UISupportedInterfaceOrientations_iPhone = "UIInterfaceOrientationPortrait UIInterfaceOrientationLandscapeLeft UIInterfaceOrientationLandscapeRight";
				LD_RUNPATH_SEARCH_PATHS = (
					"$(inherited)",
					"@executable_path/Frameworks",
				);
				MARKETING_VERSION = 1.0;
				PRODUCT_BUNDLE_IDENTIFIER = com.lucky.agc.demo;
				PRODUCT_NAME = "$(TARGET_NAME)";
				SWIFT_EMIT_LOC_STRINGS = YES;
				SWIFT_VERSION = 5.0;
				TARGETED_DEVICE_FAMILY = "1,2";
			};
			name = Release;
		};
/* End XCBuildConfiguration section */

/* Begin XCConfigurationList section */
		FFD1C46528323C4F0075ECBE /* Build configuration list for PBXProject "AGC-AppLinking-2" */ = {
			isa = XCConfigurationList;
			buildConfigurations = (
				FFD1C47C28323C500075ECBE /* Debug */,
				FFD1C47D28323C500075ECBE /* Release */,
			);
			defaultConfigurationIsVisible = 0;
			defaultConfigurationName = Release;
		};
		FFD1C47E28323C500075ECBE /* Build configuration list for PBXNativeTarget "AGC-AppLinking-2" */ = {
			isa = XCConfigurationList;
			buildConfigurations = (
				FFD1C47F28323C500075ECBE /* Debug */,
				FFD1C48028323C500075ECBE /* Release */,
			);
			defaultConfigurationIsVisible = 0;
			defaultConfigurationName = Release;
		};
/* End XCConfigurationList section */
	};
	rootObject = FFD1C46228323C4F0075ECBE /* Project object */;
}
