// !$*UTF8*$!
{
	archiveVersion = 1;
	classes = {
	};
	objectVersion = 55;
	objects = {

/* Begin PBXBuildFile section */
		873C88A37335DE2FE794DB90 /* Pods_AGC_AppLinking_1.framework in Frameworks */ = {isa = PBXBuildFile; fileRef = EC65AB9AD2EFCE40628C5404 /* Pods_AGC_AppLinking_1.framework */; };
		FF2D1CD32810F09400D257EC /* AppDelegate.swift in Sources */ = {isa = PBXBuildFile; fileRef = FF2D1CD22810F09400D257EC /* AppDelegate.swift */; };
		FF2D1CD72810F09400D257EC /* ViewController.swift in Sources */ = {isa = PBXBuildFile; fileRef = FF2D1CD62810F09400D257EC /* ViewController.swift */; };
		FF2D1CDA2810F09400D257EC /* Main.storyboard in Resources */ = {isa = PBXBuildFile; fileRef = FF2D1CD82810F09400D257EC /* Main.storyboard */; };
		FF2D1CDC2810F09500D257EC /* Assets.xcassets in Resources */ = {isa = PBXBuildFile; fileRef = FF2D1CDB2810F09500D257EC /* Assets.xcassets */; };
		FF2D1CDF2810F09500D257EC /* LaunchScreen.storyboard in Resources */ = {isa = PBXBuildFile; fileRef = FF2D1CDD2810F09500D257EC /* LaunchScreen.storyboard */; };
		FFB8B6BA281533D300208908 /* agconnect-services.plist in Resources */ = {isa = PBXBuildFile; fileRef = FFB8B6B9281533D300208908 /* agconnect-services.plist */; };
/* End PBXBuildFile section */

/* Begin PBXFileReference section */
		20E0BB6A78EB8F53F2B70384 /* Pods-AGC-AppLinking-1.release.xcconfig */ = {isa = PBXFileReference; includeInIndex = 1; lastKnownFileType = text.xcconfig; name = "Pods-AGC-AppLinking-1.release.xcconfig"; path = "Target Support Files/Pods-AGC-AppLinking-1/Pods-AGC-AppLinking-1.release.xcconfig"; sourceTree = "<group>"; };
		ACB8ABE5961E776C78A0083B /* Pods-AGC-AppLinking-1.debug.xcconfig */ = {isa = PBXFileReference; includeInIndex = 1; lastKnownFileType = text.xcconfig; name = "Pods-AGC-AppLinking-1.debug.xcconfig"; path = "Target Support Files/Pods-AGC-AppLinking-1/Pods-AGC-AppLinking-1.debug.xcconfig"; sourceTree = "<group>"; };
		EC65AB9AD2EFCE40628C5404 /* Pods_AGC_AppLinking_1.framework */ = {isa = PBXFileReference; explicitFileType = wrapper.framework; includeInIndex = 0; path = Pods_AGC_AppLinking_1.framework; sourceTree = BUILT_PRODUCTS_DIR; };
		FF2D1CCF2810F09400D257EC /* AGC-AppLinking-1.app */ = {isa = PBXFileReference; explicitFileType = wrapper.application; includeInIndex = 0; path = "AGC-AppLinking-1.app"; sourceTree = BUILT_PRODUCTS_DIR; };
		FF2D1CD22810F09400D257EC /* AppDelegate.swift */ = {isa = PBXFileReference; lastKnownFileType = sourcecode.swift; path = AppDelegate.swift; sourceTree = "<group>"; };
		FF2D1CD62810F09400D257EC /* ViewController.swift */ = {isa = PBXFileReference; lastKnownFileType = sourcecode.swift; path = ViewController.swift; sourceTree = "<group>"; };
		FF2D1CD92810F09400D257EC /* Base */ = {isa = PBXFileReference; lastKnownFileType = file.storyboard; name = Base; path = Base.lproj/Main.storyboard; sourceTree = "<group>"; };
		FF2D1CDB2810F09500D257EC /* Assets.xcassets */ = {isa = PBXFileReference; lastKnownFileType = folder.assetcatalog; path = Assets.xcassets; sourceTree = "<group>"; };
		FF2D1CDE2810F09500D257EC /* Base */ = {isa = PBXFileReference; lastKnownFileType = file.storyboard; name = Base; path = Base.lproj/LaunchScreen.storyboard; sourceTree = "<group>"; };
		FF2D1CE02810F09500D257EC /* Info.plist */ = {isa = PBXFileReference; lastKnownFileType = text.plist.xml; path = Info.plist; sourceTree = "<group>"; };
		FFB8B6B9281533D300208908 /* agconnect-services.plist */ = {isa = PBXFileReference; fileEncoding = 4; lastKnownFileType = text.plist.xml; path = "agconnect-services.plist"; sourceTree = "<group>"; };
/* End PBXFileReference section */

/* Begin PBXFrameworksBuildPhase section */
		FF2D1CCC2810F09400D257EC /* Frameworks */ = {
			isa = PBXFrameworksBuildPhase;
			buildActionMask = 2147483647;
			files = (
				873C88A37335DE2FE794DB90 /* Pods_AGC_AppLinking_1.framework in Frameworks */,
			);
			runOnlyForDeploymentPostprocessing = 0;
		};
/* End PBXFrameworksBuildPhase section */

/* Begin PBXGroup section */
		A9D404CAE44FD90FAB5570EC /* Pods */ = {
			isa = PBXGroup;
			children = (
				ACB8ABE5961E776C78A0083B /* Pods-AGC-AppLinking-1.debug.xcconfig */,
				20E0BB6A78EB8F53F2B70384 /* Pods-AGC-AppLinking-1.release.xcconfig */,
			);
			path = Pods;
			sourceTree = "<group>";
		};
		C162F02C5C7CB33769854DDA /* Frameworks */ = {
			isa = PBXGroup;
			children = (
				EC65AB9AD2EFCE40628C5404 /* Pods_AGC_AppLinking_1.framework */,
			);
			name = Frameworks;
			sourceTree = "<group>";
		};
		FF2D1CC62810F09400D257EC = {
			isa = PBXGroup;
			children = (
				FF2D1CD12810F09400D257EC /* AGC-AppLinking-1 */,
				FF2D1CD02810F09400D257EC /* Products */,
				A9D404CAE44FD90FAB5570EC /* Pods */,
				C162F02C5C7CB33769854DDA /* Frameworks */,
			);
			sourceTree = "<group>";
		};
		FF2D1CD02810F09400D257EC /* Products */ = {
			isa = PBXGroup;
			children = (
				FF2D1CCF2810F09400D257EC /* AGC-AppLinking-1.app */,
			);
			name = Products;
			sourceTree = "<group>";
		};
		FF2D1CD12810F09400D257EC /* AGC-AppLinking-1 */ = {
			isa = PBXGroup;
			children = (
				FFB8B6B9281533D300208908 /* agconnect-services.plist */,
				FF2D1CD22810F09400D257EC /* AppDelegate.swift */,
				FF2D1CD62810F09400D257EC /* ViewController.swift */,
				FF2D1CD82810F09400D257EC /* Main.storyboard */,
				FF2D1CDB2810F09500D257EC /* Assets.xcassets */,
				FF2D1CDD2810F09500D257EC /* LaunchScreen.storyboard */,
				FF2D1CE02810F09500D257EC /* Info.plist */,
			);
			path = "AGC-AppLinking-1";
			sourceTree = "<group>";
		};
/* End PBXGroup section */

/* Begin PBXNativeTarget section */
		FF2D1CCE2810F09400D257EC /* AGC-AppLinking-1 */ = {
			isa = PBXNativeTarget;
			buildConfigurationList = FF2D1CE32810F09500D257EC /* Build configuration list for PBXNativeTarget "AGC-AppLinking-1" */;
			buildPhases = (
				F5F7946F54FF0067DDB042C9 /* [CP] Check Pods Manifest.lock */,
				FF2D1CCB2810F09400D257EC /* Sources */,
				FF2D1CCC2810F09400D257EC /* Frameworks */,
				FF2D1CCD2810F09400D257EC /* Resources */,
				38868C9428B8B3223A428CFF /* [CP] Copy Pods Resources */,
			);
			buildRules = (
			);
			dependencies = (
			);
			name = "AGC-AppLinking-1";
			productName = "AGC-AppLinking-1";
			productReference = FF2D1CCF2810F09400D257EC /* AGC-AppLinking-1.app */;
			productType = "com.apple.product-type.application";
		};
/* End PBXNativeTarget section */

/* Begin PBXProject section */
		FF2D1CC72810F09400D257EC /* Project object */ = {
			isa = PBXProject;
			attributes = {
				BuildIndependentTargetsInParallel = 1;
				LastSwiftUpdateCheck = 1330;
				LastUpgradeCheck = 1330;
				TargetAttributes = {
					FF2D1CCE2810F09400D257EC = {
						CreatedOnToolsVersion = 13.3;
					};
				};
			};
			buildConfigurationList = FF2D1CCA2810F09400D257EC /* Build configuration list for PBXProject "AGC-AppLinking-1" */;
			compatibilityVersion = "Xcode 13.0";
			developmentRegion = en;
			hasScannedForEncodings = 0;
			knownRegions = (
				en,
				Base,
			);
			mainGroup = FF2D1CC62810F09400D257EC;
			productRefGroup = FF2D1CD02810F09400D257EC /* Products */;
			projectDirPath = "";
			projectRoot = "";
			targets = (
				FF2D1CCE2810F09400D257EC /* AGC-AppLinking-1 */,
			);
		};
/* End PBXProject section */

/* Begin PBXResourcesBuildPhase section */
		FF2D1CCD2810F09400D257EC /* Resources */ = {
			isa = PBXResourcesBuildPhase;
			buildActionMask = 2147483647;
			files = (
				FFB8B6BA281533D300208908 /* agconnect-services.plist in Resources */,
				FF2D1CDF2810F09500D257EC /* LaunchScreen.storyboard in Resources */,
				FF2D1CDC2810F09500D257EC /* Assets.xcassets in Resources */,
				FF2D1CDA2810F09400D257EC /* Main.storyboard in Resources */,
			);
			runOnlyForDeploymentPostprocessing = 0;
		};
/* End PBXResourcesBuildPhase section */

/* Begin PBXShellScriptBuildPhase section */
		38868C9428B8B3223A428CFF /* [CP] Copy Pods Resources */ = {
			isa = PBXShellScriptBuildPhase;
			buildActionMask = 2147483647;
			files = (
			);
			inputFileListPaths = (
				"${PODS_ROOT}/Target Support Files/Pods-AGC-AppLinking-1/Pods-AGC-AppLinking-1-resources-${CONFIGURATION}-input-files.xcfilelist",
			);
			name = "[CP] Copy Pods Resources";
			outputFileListPaths = (
				"${PODS_ROOT}/Target Support Files/Pods-AGC-AppLinking-1/Pods-AGC-AppLinking-1-resources-${CONFIGURATION}-output-files.xcfilelist",
			);
			runOnlyForDeploymentPostprocessing = 0;
			shellPath = /bin/sh;
			shellScript = "\"${PODS_ROOT}/Target Support Files/Pods-AGC-AppLinking-1/Pods-AGC-AppLinking-1-resources.sh\"\n";
			showEnvVarsInLog = 0;
		};
		F5F7946F54FF0067DDB042C9 /* [CP] Check Pods Manifest.lock */ = {
			isa = PBXShellScriptBuildPhase;
			buildActionMask = 2147483647;
			files = (
			);
			inputFileListPaths = (
			);
			inputPaths = (
				"${PODS_PODFILE_DIR_PATH}/Podfile.lock",
				"${PODS_ROOT}/Manifest.lock",
			);
			name = "[CP] Check Pods Manifest.lock";
			outputFileListPaths = (
			);
			outputPaths = (
				"$(DERIVED_FILE_DIR)/Pods-AGC-AppLinking-1-checkManifestLockResult.txt",
			);
			runOnlyForDeploymentPostprocessing = 0;
			shellPath = /bin/sh;
			shellScript = "diff \"${PODS_PODFILE_DIR_PATH}/Podfile.lock\" \"${PODS_ROOT}/Manifest.lock\" > /dev/null\nif [ $? != 0 ] ; then\n    # print error to STDERR\n    echo \"error: The sandbox is not in sync with the Podfile.lock. Run 'pod install' or update your CocoaPods installation.\" >&2\n    exit 1\nfi\n# This output is used by Xcode 'outputs' to avoid re-running this script phase.\necho \"SUCCESS\" > \"${SCRIPT_OUTPUT_FILE_0}\"\n";
			showEnvVarsInLog = 0;
		};
/* End PBXShellScriptBuildPhase section */

/* Begin PBXSourcesBuildPhase section */
		FF2D1CCB2810F09400D257EC /* Sources */ = {
			isa = PBXSourcesBuildPhase;
			buildActionMask = 2147483647;
			files = (
				FF2D1CD72810F09400D257EC /* ViewController.swift in Sources */,
				FF2D1CD32810F09400D257EC /* AppDelegate.swift in Sources */,
			);
			runOnlyForDeploymentPostprocessing = 0;
		};
/* End PBXSourcesBuildPhase section */

/* Begin PBXVariantGroup section */
		FF2D1CD82810F09400D257EC /* Main.storyboard */ = {
			isa = PBXVariantGroup;
			children = (
				FF2D1CD92810F09400D257EC /* Base */,
			);
			name = Main.storyboard;
			sourceTree = "<group>";
		};
		FF2D1CDD2810F09500D257EC /* LaunchScreen.storyboard */ = {
			isa = PBXVariantGroup;
			children = (
				FF2D1CDE2810F09500D257EC /* Base */,
			);
			name = LaunchScreen.storyboard;
			sourceTree = "<group>";
		};
/* End PBXVariantGroup section */

/* Begin XCBuildConfiguration section */
		FF2D1CE12810F09500D257EC /* Debug */ = {
			isa = XCBuildConfiguration;
			buildSettings = {
				ALWAYS_SEARCH_USER_PATHS = NO;
				CLANG_ANALYZER_NONNULL = YES;
				CLANG_ANALYZER_NUMBER_OBJECT_CONVERSION = YES_AGGRESSIVE;
				CLANG_CXX_LANGUAGE_STANDARD = "gnu++17";
				CLANG_ENABLE_MODULES = YES;
				CLANG_ENABLE_OBJC_ARC = YES;
				CLANG_ENABLE_OBJC_WEAK = YES;
				CLANG_WARN_BLOCK_CAPTURE_AUTORELEASING = YES;
				CLANG_WARN_BOOL_CONVERSION = YES;
				CLANG_WARN_COMMA = YES;
				CLANG_WARN_CONSTANT_CONVERSION = YES;
				CLANG_WARN_DEPRECATED_OBJC_IMPLEMENTATIONS = YES;
				CLANG_WARN_DIRECT_OBJC_ISA_USAGE = YES_ERROR;
				CLANG_WARN_DOCUMENTATION_COMMENTS = YES;
				CLANG_WARN_EMPTY_BODY = YES;
				CLANG_WARN_ENUM_CONVERSION = YES;
				CLANG_WARN_INFINITE_RECURSION = YES;
				CLANG_WARN_INT_CONVERSION = YES;
				CLANG_WARN_NON_LITERAL_NULL_CONVERSION = YES;
				CLANG_WARN_OBJC_IMPLICIT_RETAIN_SELF = YES;
				CLANG_WARN_OBJC_LITERAL_CONVERSION = YES;
				CLANG_WARN_OBJC_ROOT_CLASS = YES_ERROR;
				CLANG_WARN_QUOTED_INCLUDE_IN_FRAMEWORK_HEADER = YES;
				CLANG_WARN_RANGE_LOOP_ANALYSIS = YES;
				CLANG_WARN_STRICT_PROTOTYPES = YES;
				CLANG_WARN_SUSPICIOUS_MOVE = YES;
				CLANG_WARN_UNGUARDED_AVAILABILITY = YES_AGGRESSIVE;
				CLANG_WARN_UNREACHABLE_CODE = YES;
				CLANG_WARN__DUPLICATE_METHOD_MATCH = YES;
				COPY_PHASE_STRIP = NO;
				DEBUG_INFORMATION_FORMAT = dwarf;
				ENABLE_STRICT_OBJC_MSGSEND = YES;
				ENABLE_TESTABILITY = YES;
				GCC_C_LANGUAGE_STANDARD = gnu11;
				GCC_DYNAMIC_NO_PIC = NO;
				GCC_NO_COMMON_BLOCKS = YES;
				GCC_OPTIMIZATION_LEVEL = 0;
				GCC_PREPROCESSOR_DEFINITIONS = (
					"DEBUG=1",
					"$(inherited)",
				);
				GCC_WARN_64_TO_32_BIT_CONVERSION = YES;
				GCC_WARN_ABOUT_RETURN_TYPE = YES_ERROR;
				GCC_WARN_UNDECLARED_SELECTOR = YES;
				GCC_WARN_UNINITIALIZED_AUTOS = YES_AGGRESSIVE;
				GCC_WARN_UNUSED_FUNCTION = YES;
				GCC_WARN_UNUSED_VARIABLE = YES;
				IPHONEOS_DEPLOYMENT_TARGET = 12.0;
				MTL_ENABLE_DEBUG_INFO = INCLUDE_SOURCE;
				MTL_FAST_MATH = YES;
				ONLY_ACTIVE_ARCH = YES;
				SDKROOT = iphoneos;
				SWIFT_ACTIVE_COMPILATION_CONDITIONS = DEBUG;
				SWIFT_OPTIMIZATION_LEVEL = "-Onone";
			};
			name = Debug;
		};
		FF2D1CE22810F09500D257EC /* Release */ = {
			isa = XCBuildConfiguration;
			buildSettings = {
				ALWAYS_SEARCH_USER_PATHS = NO;
				CLANG_ANALYZER_NONNULL = YES;
				CLANG_ANALYZER_NUMBER_OBJECT_CONVERSION = YES_AGGRESSIVE;
				CLANG_CXX_LANGUAGE_STANDARD = "gnu++17";
				CLANG_ENABLE_MODULES = YES;
				CLANG_ENABLE_OBJC_ARC = YES;
				CLANG_ENABLE_OBJC_WEAK = YES;
				CLANG_WARN_BLOCK_CAPTURE_AUTORELEASING = YES;
				CLANG_WARN_BOOL_CONVERSION = YES;
				CLANG_WARN_COMMA = YES;
				CLANG_WARN_CONSTANT_CONVERSION = YES;
				CLANG_WARN_DEPRECATED_OBJC_IMPLEMENTATIONS = YES;
				CLANG_WARN_DIRECT_OBJC_ISA_USAGE = YES_ERROR;
				CLANG_WARN_DOCUMENTATION_COMMENTS = YES;
				CLANG_WARN_EMPTY_BODY = YES;
				CLANG_WARN_ENUM_CONVERSION = YES;
				CLANG_WARN_INFINITE_RECURSION = YES;
				CLANG_WARN_INT_CONVERSION = YES;
				CLANG_WARN_NON_LITERAL_NULL_CONVERSION = YES;
				CLANG_WARN_OBJC_IMPLICIT_RETAIN_SELF = YES;
				CLANG_WARN_OBJC_LITERAL_CONVERSION = YES;
				CLANG_WARN_OBJC_ROOT_CLASS = YES_ERROR;
				CLANG_WARN_QUOTED_INCLUDE_IN_FRAMEWORK_HEADER = YES;
				CLANG_WARN_RANGE_LOOP_ANALYSIS = YES;
				CLANG_WARN_STRICT_PROTOTYPES = YES;
				CLANG_WARN_SUSPICIOUS_MOVE = YES;
				CLANG_WARN_UNGUARDED_AVAILABILITY = YES_AGGRESSIVE;
				CLANG_WARN_UNREACHABLE_CODE = YES;
				CLANG_WARN__DUPLICATE_METHOD_MATCH = YES;
				COPY_PHASE_STRIP = NO;
				DEBUG_INFORMATION_FORMAT = "dwarf-with-dsym";
				ENABLE_NS_ASSERTIONS = NO;
				ENABLE_STRICT_OBJC_MSGSEND = YES;
				GCC_C_LANGUAGE_STANDARD = gnu11;
				GCC_NO_COMMON_BLOCKS = YES;
				GCC_WARN_64_TO_32_BIT_CONVERSION = YES;
				GCC_WARN_ABOUT_RETURN_TYPE = YES_ERROR;
				GCC_WARN_UNDECLARED_SELECTOR = YES;
				GCC_WARN_UNINITIALIZED_AUTOS = YES_AGGRESSIVE;
				GCC_WARN_UNUSED_FUNCTION = YES;
				GCC_WARN_UNUSED_VARIABLE = YES;
				IPHONEOS_DEPLOYMENT_TARGET = 12.0;
				MTL_ENABLE_DEBUG_INFO = NO;
				MTL_FAST_MATH = YES;
				SDKROOT = iphoneos;
				SWIFT_COMPILATION_MODE = wholemodule;
				SWIFT_OPTIMIZATION_LEVEL = "-O";
				VALIDATE_PRODUCT = YES;
			};
			name = Release;
		};
		FF2D1CE42810F09500D257EC /* Debug */ = {
			isa = XCBuildConfiguration;
			baseConfigurationReference = ACB8ABE5961E776C78A0083B /* Pods-AGC-AppLinking-1.debug.xcconfig */;
			buildSettings = {
				ASSETCATALOG_COMPILER_APPICON_NAME = AppIcon;
				ASSETCATALOG_COMPILER_GLOBAL_ACCENT_COLOR_NAME = AccentColor;
				CODE_SIGN_IDENTITY = "iPhone Distribution";
				CODE_SIGN_STYLE = Manual;
				CURRENT_PROJECT_VERSION = 1;
				DEVELOPMENT_TEAM = 248VU829V8;
				GENERATE_INFOPLIST_FILE = YES;
				INFOPLIST_FILE = "AGC-AppLinking-1/Info.plist";
				INFOPLIST_KEY_UIApplicationSupportsIndirectInputEvents = YES;
				INFOPLIST_KEY_UILaunchStoryboardName = LaunchScreen;
				INFOPLIST_KEY_UIMainStoryboardFile = Main;
				INFOPLIST_KEY_UISupportedInterfaceOrientations_iPad = "UIInterfaceOrientationPortrait UIInterfaceOrientationPortraitUpsideDown UIInterfaceOrientationLandscapeLeft UIInterfaceOrientationLandscapeRight";
				INFOPLIST_KEY_UISupportedInterfaceOrientations_iPhone = "UIInterfaceOrientationPortrait UIInterfaceOrientationLandscapeLeft UIInterfaceOrientationLandscapeRight";
				LD_RUNPATH_SEARCH_PATHS = (
					"$(inherited)",
					"@executable_path/Frameworks",
				);
				MARKETING_VERSION = 1.0;
				PRODUCT_BUNDLE_IDENTIFIER = com.lucky.agc.demo;
				PRODUCT_NAME = "$(TARGET_NAME)";
				PROVISIONING_PROFILE_SPECIFIER = "AGC Enterprise";
				SWIFT_EMIT_LOC_STRINGS = YES;
				SWIFT_VERSION = 5.0;
				TARGETED_DEVICE_FAMILY = "1,2";
			};
			name = Debug;
		};
		FF2D1CE52810F09500D257EC /* Release */ = {
			isa = XCBuildConfiguration;
			baseConfigurationReference = 20E0BB6A78EB8F53F2B70384 /* Pods-AGC-AppLinking-1.release.xcconfig */;
			buildSettings = {
				ASSETCATALOG_COMPILER_APPICON_NAME = AppIcon;
				ASSETCATALOG_COMPILER_GLOBAL_ACCENT_COLOR_NAME = AccentColor;
				CODE_SIGN_IDENTITY = "iPhone Distribution";
				CODE_SIGN_STYLE = Manual;
				CURRENT_PROJECT_VERSION = 1;
				DEVELOPMENT_TEAM = 248VU829V8;
				GENERATE_INFOPLIST_FILE = YES;
				INFOPLIST_FILE = "AGC-AppLinking-1/Info.plist";
				INFOPLIST_KEY_UIApplicationSupportsIndirectInputEvents = YES;
				INFOPLIST_KEY_UILaunchStoryboardName = LaunchScreen;
				INFOPLIST_KEY_UIMainStoryboardFile = Main;
				INFOPLIST_KEY_UISupportedInterfaceOrientations_iPad = "UIInterfaceOrientationPortrait UIInterfaceOrientationPortraitUpsideDown UIInterfaceOrientationLandscapeLeft UIInterfaceOrientationLandscapeRight";
				INFOPLIST_KEY_UISupportedInterfaceOrientations_iPhone = "UIInterfaceOrientationPortrait UIInterfaceOrientationLandscapeLeft UIInterfaceOrientationLandscapeRight";
				LD_RUNPATH_SEARCH_PATHS = (
					"$(inherited)",
					"@executable_path/Frameworks",
				);
				MARKETING_VERSION = 1.0;
				PRODUCT_BUNDLE_IDENTIFIER = com.lucky.agc.demo;
				PRODUCT_NAME = "$(TARGET_NAME)";
				PROVISIONING_PROFILE_SPECIFIER = "AGC Enterprise";
				SWIFT_EMIT_LOC_STRINGS = YES;
				SWIFT_VERSION = 5.0;
				TARGETED_DEVICE_FAMILY = "1,2";
			};
			name = Release;
		};
/* End XCBuildConfiguration section */

/* Begin XCConfigurationList section */
		FF2D1CCA2810F09400D257EC /* Build configuration list for PBXProject "AGC-AppLinking-1" */ = {
			isa = XCConfigurationList;
			buildConfigurations = (
				FF2D1CE12810F09500D257EC /* Debug */,
				FF2D1CE22810F09500D257EC /* Release */,
			);
			defaultConfigurationIsVisible = 0;
			defaultConfigurationName = Release;
		};
		FF2D1CE32810F09500D257EC /* Build configuration list for PBXNativeTarget "AGC-AppLinking-1" */ = {
			isa = XCConfigurationList;
			buildConfigurations = (
				FF2D1CE42810F09500D257EC /* Debug */,
				FF2D1CE52810F09500D257EC /* Release */,
			);
			defaultConfigurationIsVisible = 0;
			defaultConfigurationName = Release;
		};
/* End XCConfigurationList section */
	};
	rootObject = FF2D1CC72810F09400D257EC /* Project object */;
}
